{
  "version": 4,
  "terraform_version": "1.3.7",
  "serial": 12,
  "lineage": "85babfef-bd8c-d7fe-6ac3-4149b749a6d7",
  "outputs": {},
  "resources": [
    {
      "mode": "managed",
      "type": "equinix_metal_device",
      "name": "test",
      "provider": "provider[\"registry.terraform.io/equinix/equinix\"]",
      "instances": [
        {
          "schema_version": 0,
          "attributes": {
            "access_private_ipv4": "10.67.49.5",
            "access_public_ipv4": "139.178.90.97",
            "access_public_ipv6": "2604:1380:45e1:4800::5",
            "always_pxe": false,
            "behavior": [],
            "billing_cycle": "hourly",
            "created": "2023-08-11T10:23:51Z",
            "custom_data": null,
            "deployed_facility": "sv15",
            "deployed_hardware_reservation_id": null,
            "description": null,
            "facilities": [
              "sv15"
            ],
            "force_detach_volumes": false,
            "hardware_reservation_id": null,
            "hostname": "test-device",
            "id": "d71f3f85-2a84-4882-b03f-08f9ba857fba",
            "ip_address": [],
            "ipxe_script_url": "",
            "locked": false,
            "metro": "sv",
            "network": [
              {
                "address": "139.178.90.97",
                "cidr": 31,
                "family": 4,
                "gateway": "139.178.90.96",
                "public": true
              },
              {
                "address": "2604:1380:45e1:4800::5",
                "cidr": 127,
                "family": 6,
                "gateway": "2604:1380:45e1:4800::4",
                "public": true
              },
              {
                "address": "10.67.49.5",
                "cidr": 31,
                "family": 4,
                "gateway": "10.67.49.4",
                "public": false
              }
            ],
            "network_type": "layer3",
            "operating_system": "ubuntu_22_04",
            "plan": "c3.small.x86",
            "ports": [
              {
                "bonded": true,
                "id": "76eb4d9f-bb25-454e-802e-127769406b8b",
                "mac": "1c:34:da:5c:18:9c",
                "name": "eth0",
                "type": "NetworkPort"
              },
              {
                "bonded": true,
                "id": "09bf6112-165d-4229-89eb-18b95b2eafda",
                "mac": "1c:34:da:5c:18:9d",
                "name": "eth1",
                "type": "NetworkPort"
              },
              {
                "bonded": true,
                "id": "9a1a3a5c-5dea-4a3d-9adb-764428130619",
                "mac": "",
                "name": "bond0",
                "type": "NetworkBondPort"
              }
            ],
            "project_id": "b8dd41c7-1b01-4713-b0ea-c8e33e8c043d",
            "project_ssh_key_ids": null,
            "reinstall": [],
            "root_password": ",^9E)nz18o",
            "ssh_key_ids": [
              "098ec161-bd60-4e85-aef6-ab3fe5bc9047",
              "c2d8b22b-0e5f-4117-a2c1-7bbf62e20ae3",
              "9e5f011d-5799-4150-aa54-e27ed04df72f",
              "93e15f6b-d45a-4704-9732-4748ad13eae6",
              "bfa3dbf1-1f48-41b1-9e29-e3ceda891232",
              "60f04f19-f108-4a26-aed2-624c18cf5b7d",
              "32b8afe2-67b6-46c6-bc52-3eb9bfe2b937",
              "a7d5b2bd-3e31-41f3-a6c3-f8195e53c5a3",
              "b34176b0-a050-4f3c-9f21-30eee868b610"
            ],
            "state": "active",
            "storage": null,
            "tags": null,
            "termination_time": "",
            "timeouts": null,
            "updated": "2023-08-11T10:26:05Z",
            "user_data": null,
            "user_ssh_key_ids": null,
            "wait_for_reservation_deprovision": false
          },
          "sensitive_attributes": [],
          "private": "eyJlMmJmYjczMC1lY2FhLTExZTYtOGY4OC0zNDM2M2JjN2M0YzAiOnsiY3JlYXRlIjoxODAwMDAwMDAwMDAwLCJkZWxldGUiOjE4MDAwMDAwMDAwMDAsInVwZGF0ZSI6MTgwMDAwMDAwMDAwMH19"
        }
      ]
    }
  ],
  "check_results": null
}
